
Microsoft Visual Studio Solution File, Format Version 12.00
# Visual Studio Version 16
VisualStudioVersion = 16.0.31205.134
MinimumVisualStudioVersion = 10.0.40219.1
Project("{888888A0-9F3D-457C-B088-3A5042F75D52}") = "Area of Triangle Calculator by given Sides", "Area of Triangle Calculator by given Sides\Area of Triangle Calculator by given Sides.pyproj", "{D5492DFE-6476-4B7D-8A7D-5AD82CE3F19D}"
EndProject
Global
	GlobalSection(SolutionConfigurationPlatforms) = preSolution
		Debug|Any CPU = Debug|Any CPU
		Release|Any CPU = Release|Any CPU
	EndGlobalSection
	GlobalSection(ProjectConfigurationPlatforms) = postSolution
		{D5492DFE-6476-4B7D-8A7D-5AD82CE3F19D}.Debug|Any CPU.ActiveCfg = Debug|Any CPU
		{D5492DFE-6476-4B7D-8A7D-5AD82CE3F19D}.Release|Any CPU.ActiveCfg = Release|Any CPU
	EndGlobalSection
	GlobalSection(SolutionProperties) = preSolution
		HideSolutionNode = FALSE
	EndGlobalSection
	GlobalSection(ExtensibilityGlobals) = postSolution
		SolutionGuid = {E9AC3686-F173-4964-9FB3-B57122681C89}
	EndGlobalSection
EndGlobal
